// !$*UTF8*$!
{
	archiveVersion = 1;
	classes = {
	};
	objectVersion = 50;
	objects = {

/* Begin PBXBuildFile section */
		7845173725952D0700C6E1F2 /* AppDelegate.swift in Sources */ = {isa = PBXBuildFile; fileRef = 7845173625952D0700C6E1F2 /* AppDelegate.swift */; };
		7845173B25952D0700C6E1F2 /* MainViewController.swift in Sources */ = {isa = PBXBuildFile; fileRef = 7845173A25952D0700C6E1F2 /* MainViewController.swift */; };
		7845174025952D0C00C6E1F2 /* Assets.xcassets in Resources */ = {isa = PBXBuildFile; fileRef = 7845173F25952D0C00C6E1F2 /* Assets.xcassets */; };
		7845174325952D0C00C6E1F2 /* LaunchScreen.storyboard in Resources */ = {isa = PBXBuildFile; fileRef = 7845174125952D0C00C6E1F2 /* LaunchScreen.storyboard */; };
/* End PBXBuildFile section */

/* Begin PBXFileReference section */
		7845173325952D0700C6E1F2 /* WillyWeatherProject.app */ = {isa = PBXFileReference; explicitFileType = wrapper.application; includeInIndex = 0; path = WillyWeatherProject.app; sourceTree = BUILT_PRODUCTS_DIR; };
		7845173625952D0700C6E1F2 /* AppDelegate.swift */ = {isa = PBXFileReference; lastKnownFileType = sourcecode.swift; path = AppDelegate.swift; sourceTree = "<group>"; };
		7845173A25952D0700C6E1F2 /* MainViewController.swift */ = {isa = PBXFileReference; lastKnownFileType = sourcecode.swift; path = MainViewController.swift; sourceTree = "<group>"; };
		7845173F25952D0C00C6E1F2 /* Assets.xcassets */ = {isa = PBXFileReference; lastKnownFileType = folder.assetcatalog; path = Assets.xcassets; sourceTree = "<group>"; };
		7845174225952D0C00C6E1F2 /* Base */ = {isa = PBXFileReference; lastKnownFileType = file.storyboard; name = Base; path = Base.lproj/LaunchScreen.storyboard; sourceTree = "<group>"; };
		7845174425952D0C00C6E1F2 /* Info.plist */ = {isa = PBXFileReference; lastKnownFileType = text.plist.xml; path = Info.plist; sourceTree = "<group>"; };
/* End PBXFileReference section */

/* Begin PBXFrameworksBuildPhase section */
		7845173025952D0700C6E1F2 /* Frameworks */ = {
			isa = PBXFrameworksBuildPhase;
			buildActionMask = 2147483647;
			files = (
			);
			runOnlyForDeploymentPostprocessing = 0;
		};
/* End PBXFrameworksBuildPhase section */

/* Begin PBXGroup section */
		7845172A25952D0700C6E1F2 = {
			isa = PBXGroup;
			children = (
				7845173525952D0700C6E1F2 /* WillyWeatherProject */,
				7845173425952D0700C6E1F2 /* Products */,
			);
			sourceTree = "<group>";
		};
		7845173425952D0700C6E1F2 /* Products */ = {
			isa = PBXGroup;
			children = (
				7845173325952D0700C6E1F2 /* WillyWeatherProject.app */,
			);
			name = Products;
			sourceTree = "<group>";
		};
		7845173525952D0700C6E1F2 /* WillyWeatherProject */ = {
			isa = PBXGroup;
			children = (
				784517502596162E00C6E1F2 /* Reuseable */,
				7845174C259615F100C6E1F2 /* DataLayer */,
				7845174B259615EA00C6E1F2 /* UILayer */,
				7845174A259615C400C6E1F2 /* Bundle */,
			);
			path = WillyWeatherProject;
			sourceTree = "<group>";
		};
		7845174A259615C400C6E1F2 /* Bundle */ = {
			isa = PBXGroup;
			children = (
				7845173625952D0700C6E1F2 /* AppDelegate.swift */,
				7845173F25952D0C00C6E1F2 /* Assets.xcassets */,
				7845174125952D0C00C6E1F2 /* LaunchScreen.storyboard */,
				7845174425952D0C00C6E1F2 /* Info.plist */,
			);
			path = Bundle;
			sourceTree = "<group>";
		};
		7845174B259615EA00C6E1F2 /* UILayer */ = {
			isa = PBXGroup;
			children = (
				7845174F2596160C00C6E1F2 /* ViewControllers */,
				7845174E2596160600C6E1F2 /* ViewModels */,
				7845174D2596160000C6E1F2 /* Views */,
			);
			path = UILayer;
			sourceTree = "<group>";
		};
		7845174C259615F100C6E1F2 /* DataLayer */ = {
			isa = PBXGroup;
			children = (
				784517522596165400C6E1F2 /* Models */,
			);
			path = DataLayer;
			sourceTree = "<group>";
		};
		7845174D2596160000C6E1F2 /* Views */ = {
			isa = PBXGroup;
			children = (
			);
			path = Views;
			sourceTree = "<group>";
		};
		7845174E2596160600C6E1F2 /* ViewModels */ = {
			isa = PBXGroup;
			children = (
			);
			path = ViewModels;
			sourceTree = "<group>";
		};
		7845174F2596160C00C6E1F2 /* ViewControllers */ = {
			isa = PBXGroup;
			children = (
				7845173A25952D0700C6E1F2 /* MainViewController.swift */,
			);
			path = ViewControllers;
			sourceTree = "<group>";
		};
		784517502596162E00C6E1F2 /* Reuseable */ = {
			isa = PBXGroup;
			children = (
				784517512596163600C6E1F2 /* Extensions */,
			);
			path = Reuseable;
			sourceTree = "<group>";
		};
		784517512596163600C6E1F2 /* Extensions */ = {
			isa = PBXGroup;
			children = (
			);
			path = Extensions;
			sourceTree = "<group>";
		};
		784517522596165400C6E1F2 /* Models */ = {
			isa = PBXGroup;
			children = (
			);
			path = Models;
			sourceTree = "<group>";
		};
/* End PBXGroup section */

/* Begin PBXNativeTarget section */
		7845173225952D0700C6E1F2 /* WillyWeatherProject */ = {
			isa = PBXNativeTarget;
			buildConfigurationList = 7845174725952D0C00C6E1F2 /* Build configuration list for PBXNativeTarget "WillyWeatherProject" */;
			buildPhases = (
				7845172F25952D0700C6E1F2 /* Sources */,
				7845173025952D0700C6E1F2 /* Frameworks */,
				7845173125952D0700C6E1F2 /* Resources */,
			);
			buildRules = (
			);
			dependencies = (
			);
			name = WillyWeatherProject;
			productName = WillyWeatherProject;
			productReference = 7845173325952D0700C6E1F2 /* WillyWeatherProject.app */;
			productType = "com.apple.product-type.application";
		};
/* End PBXNativeTarget section */

/* Begin PBXProject section */
		7845172B25952D0700C6E1F2 /* Project object */ = {
			isa = PBXProject;
			attributes = {
				LastSwiftUpdateCheck = 1160;
				LastUpgradeCheck = 1160;
				ORGANIZATIONNAME = amandeep;
				TargetAttributes = {
					7845173225952D0700C6E1F2 = {
						CreatedOnToolsVersion = 11.6;
					};
				};
			};
			buildConfigurationList = 7845172E25952D0700C6E1F2 /* Build configuration list for PBXProject "WillyWeatherProject" */;
			compatibilityVersion = "Xcode 9.3";
			developmentRegion = en;
			hasScannedForEncodings = 0;
			knownRegions = (
				en,
				Base,
			);
			mainGroup = 7845172A25952D0700C6E1F2;
			productRefGroup = 7845173425952D0700C6E1F2 /* Products */;
			projectDirPath = "";
			projectRoot = "";
			targets = (
				7845173225952D0700C6E1F2 /* WillyWeatherProject */,
			);
		};
/* End PBXProject section */

/* Begin PBXResourcesBuildPhase section */
		7845173125952D0700C6E1F2 /* Resources */ = {
			isa = PBXResourcesBuildPhase;
			buildActionMask = 2147483647;
			files = (
				7845174325952D0C00C6E1F2 /* LaunchScreen.storyboard in Resources */,
				7845174025952D0C00C6E1F2 /* Assets.xcassets in Resources */,
			);
			runOnlyForDeploymentPostprocessing = 0;
		};
/* End PBXResourcesBuildPhase section */

/* Begin PBXSourcesBuildPhase section */
		7845172F25952D0700C6E1F2 /* Sources */ = {
			isa = PBXSourcesBuildPhase;
			buildActionMask = 2147483647;
			files = (
				7845173B25952D0700C6E1F2 /* MainViewController.swift in Sources */,
				7845173725952D0700C6E1F2 /* AppDelegate.swift in Sources */,
			);
			runOnlyForDeploymentPostprocessing = 0;
		};
/* End PBXSourcesBuildPhase section */

/* Begin PBXVariantGroup section */
		7845174125952D0C00C6E1F2 /* LaunchScreen.storyboard */ = {
			isa = PBXVariantGroup;
			children = (
				7845174225952D0C00C6E1F2 /* Base */,
			);
			name = LaunchScreen.storyboard;
			sourceTree = "<group>";
		};
/* End PBXVariantGroup section */

/* Begin XCBuildConfiguration section */
		7845174525952D0C00C6E1F2 /* Debug */ = {
			isa = XCBuildConfiguration;
			buildSettings = {
				ALWAYS_SEARCH_USER_PATHS = NO;
				CLANG_ANALYZER_NONNULL = YES;
				CLANG_ANALYZER_NUMBER_OBJECT_CONVERSION = YES_AGGRESSIVE;
				CLANG_CXX_LANGUAGE_STANDARD = "gnu++14";
				CLANG_CXX_LIBRARY = "libc++";
				CLANG_ENABLE_MODULES = YES;
				CLANG_ENABLE_OBJC_ARC = YES;
				CLANG_ENABLE_OBJC_WEAK = YES;
				CLANG_WARN_BLOCK_CAPTURE_AUTORELEASING = YES;
				CLANG_WARN_BOOL_CONVERSION = YES;
				CLANG_WARN_COMMA = YES;
				CLANG_WARN_CONSTANT_CONVERSION = YES;
				CLANG_WARN_DEPRECATED_OBJC_IMPLEMENTATIONS = YES;
				CLANG_WARN_DIRECT_OBJC_ISA_USAGE = YES_ERROR;
				CLANG_WARN_DOCUMENTATION_COMMENTS = YES;
				CLANG_WARN_EMPTY_BODY = YES;
				CLANG_WARN_ENUM_CONVERSION = YES;
				CLANG_WARN_INFINITE_RECURSION = YES;
				CLANG_WARN_INT_CONVERSION = YES;
				CLANG_WARN_NON_LITERAL_NULL_CONVERSION = YES;
				CLANG_WARN_OBJC_IMPLICIT_RETAIN_SELF = YES;
				CLANG_WARN_OBJC_LITERAL_CONVERSION = YES;
				CLANG_WARN_OBJC_ROOT_CLASS = YES_ERROR;
				CLANG_WARN_RANGE_LOOP_ANALYSIS = YES;
				CLANG_WARN_STRICT_PROTOTYPES = YES;
				CLANG_WARN_SUSPICIOUS_MOVE = YES;
				CLANG_WARN_UNGUARDED_AVAILABILITY = YES_AGGRESSIVE;
				CLANG_WARN_UNREACHABLE_CODE = YES;
				CLANG_WARN__DUPLICATE_METHOD_MATCH = YES;
				COPY_PHASE_STRIP = NO;
				DEBUG_INFORMATION_FORMAT = dwarf;
				ENABLE_STRICT_OBJC_MSGSEND = YES;
				ENABLE_TESTABILITY = YES;
				GCC_C_LANGUAGE_STANDARD = gnu11;
				GCC_DYNAMIC_NO_PIC = NO;
				GCC_NO_COMMON_BLOCKS = YES;
				GCC_OPTIMIZATION_LEVEL = 0;
				GCC_PREPROCESSOR_DEFINITIONS = (
					"DEBUG=1",
					"$(inherited)",
				);
				GCC_WARN_64_TO_32_BIT_CONVERSION = YES;
				GCC_WARN_ABOUT_RETURN_TYPE = YES_ERROR;
				GCC_WARN_UNDECLARED_SELECTOR = YES;
				GCC_WARN_UNINITIALIZED_AUTOS = YES_AGGRESSIVE;
				GCC_WARN_UNUSED_FUNCTION = YES;
				GCC_WARN_UNUSED_VARIABLE = YES;
				IPHONEOS_DEPLOYMENT_TARGET = 13.6;
				MTL_ENABLE_DEBUG_INFO = INCLUDE_SOURCE;
				MTL_FAST_MATH = YES;
				ONLY_ACTIVE_ARCH = YES;
				SDKROOT = iphoneos;
				SWIFT_ACTIVE_COMPILATION_CONDITIONS = DEBUG;
				SWIFT_OPTIMIZATION_LEVEL = "-Onone";
			};
			name = Debug;
		};
		7845174625952D0C00C6E1F2 /* Release */ = {
			isa = XCBuildConfiguration;
			buildSettings = {
				ALWAYS_SEARCH_USER_PATHS = NO;
				CLANG_ANALYZER_NONNULL = YES;
				CLANG_ANALYZER_NUMBER_OBJECT_CONVERSION = YES_AGGRESSIVE;
				CLANG_CXX_LANGUAGE_STANDARD = "gnu++14";
				CLANG_CXX_LIBRARY = "libc++";
				CLANG_ENABLE_MODULES = YES;
				CLANG_ENABLE_OBJC_ARC = YES;
				CLANG_ENABLE_OBJC_WEAK = YES;
				CLANG_WARN_BLOCK_CAPTURE_AUTORELEASING = YES;
				CLANG_WARN_BOOL_CONVERSION = YES;
				CLANG_WARN_COMMA = YES;
				CLANG_WARN_CONSTANT_CONVERSION = YES;
				CLANG_WARN_DEPRECATED_OBJC_IMPLEMENTATIONS = YES;
				CLANG_WARN_DIRECT_OBJC_ISA_USAGE = YES_ERROR;
				CLANG_WARN_DOCUMENTATION_COMMENTS = YES;
				CLANG_WARN_EMPTY_BODY = YES;
				CLANG_WARN_ENUM_CONVERSION = YES;
				CLANG_WARN_INFINITE_RECURSION = YES;
				CLANG_WARN_INT_CONVERSION = YES;
				CLANG_WARN_NON_LITERAL_NULL_CONVERSION = YES;
				CLANG_WARN_OBJC_IMPLICIT_RETAIN_SELF = YES;
				CLANG_WARN_OBJC_LITERAL_CONVERSION = YES;
				CLANG_WARN_OBJC_ROOT_CLASS = YES_ERROR;
				CLANG_WARN_RANGE_LOOP_ANALYSIS = YES;
				CLANG_WARN_STRICT_PROTOTYPES = YES;
				CLANG_WARN_SUSPICIOUS_MOVE = YES;
				CLANG_WARN_UNGUARDED_AVAILABILITY = YES_AGGRESSIVE;
				CLANG_WARN_UNREACHABLE_CODE = YES;
				CLANG_WARN__DUPLICATE_METHOD_MATCH = YES;
				COPY_PHASE_STRIP = NO;
				DEBUG_INFORMATION_FORMAT = "dwarf-with-dsym";
				ENABLE_NS_ASSERTIONS = NO;
				ENABLE_STRICT_OBJC_MSGSEND = YES;
				GCC_C_LANGUAGE_STANDARD = gnu11;
				GCC_NO_COMMON_BLOCKS = YES;
				GCC_WARN_64_TO_32_BIT_CONVERSION = YES;
				GCC_WARN_ABOUT_RETURN_TYPE = YES_ERROR;
				GCC_WARN_UNDECLARED_SELECTOR = YES;
				GCC_WARN_UNINITIALIZED_AUTOS = YES_AGGRESSIVE;
				GCC_WARN_UNUSED_FUNCTION = YES;
				GCC_WARN_UNUSED_VARIABLE = YES;
				IPHONEOS_DEPLOYMENT_TARGET = 13.6;
				MTL_ENABLE_DEBUG_INFO = NO;
				MTL_FAST_MATH = YES;
				SDKROOT = iphoneos;
				SWIFT_COMPILATION_MODE = wholemodule;
				SWIFT_OPTIMIZATION_LEVEL = "-O";
				VALIDATE_PRODUCT = YES;
			};
			name = Release;
		};
		7845174825952D0C00C6E1F2 /* Debug */ = {
			isa = XCBuildConfiguration;
			buildSettings = {
				ASSETCATALOG_COMPILER_APPICON_NAME = AppIcon;
				CODE_SIGN_STYLE = Automatic;
				DEVELOPMENT_TEAM = Y3N7GU5TKY;
				INFOPLIST_FILE = WillyWeatherProject/Bundle/Info.plist;
				LD_RUNPATH_SEARCH_PATHS = (
					"$(inherited)",
					"@executable_path/Frameworks",
				);
				PRODUCT_BUNDLE_IDENTIFIER = com.md.WillyWeatherProject;
				PRODUCT_NAME = "$(TARGET_NAME)";
				SWIFT_VERSION = 5.0;
				TARGETED_DEVICE_FAMILY = "1,2";
			};
			name = Debug;
		};
		7845174925952D0C00C6E1F2 /* Release */ = {
			isa = XCBuildConfiguration;
			buildSettings = {
				ASSETCATALOG_COMPILER_APPICON_NAME = AppIcon;
				CODE_SIGN_STYLE = Automatic;
				DEVELOPMENT_TEAM = Y3N7GU5TKY;
				INFOPLIST_FILE = WillyWeatherProject/Bundle/Info.plist;
				LD_RUNPATH_SEARCH_PATHS = (
					"$(inherited)",
					"@executable_path/Frameworks",
				);
				PRODUCT_BUNDLE_IDENTIFIER = com.md.WillyWeatherProject;
				PRODUCT_NAME = "$(TARGET_NAME)";
				SWIFT_VERSION = 5.0;
				TARGETED_DEVICE_FAMILY = "1,2";
			};
			name = Release;
		};
/* End XCBuildConfiguration section */

/* Begin XCConfigurationList section */
		7845172E25952D0700C6E1F2 /* Build configuration list for PBXProject "WillyWeatherProject" */ = {
			isa = XCConfigurationList;
			buildConfigurations = (
				7845174525952D0C00C6E1F2 /* Debug */,
				7845174625952D0C00C6E1F2 /* Release */,
			);
			defaultConfigurationIsVisible = 0;
			defaultConfigurationName = Release;
		};
		7845174725952D0C00C6E1F2 /* Build configuration list for PBXNativeTarget "WillyWeatherProject" */ = {
			isa = XCConfigurationList;
			buildConfigurations = (
				7845174825952D0C00C6E1F2 /* Debug */,
				7845174925952D0C00C6E1F2 /* Release */,
			);
			defaultConfigurationIsVisible = 0;
			defaultConfigurationName = Release;
		};
/* End XCConfigurationList section */
	};
	rootObject = 7845172B25952D0700C6E1F2 /* Project object */;
}
