// !$*UTF8*$!
{
	archiveVersion = 1;
	classes = {
	};
	objectVersion = 50;
	objects = {

/* Begin PBXBuildFile section */
		7845173725952D0700C6E1F2 /* AppDelegate.swift in Sources */ = {isa = PBXBuildFile; fileRef = 7845173625952D0700C6E1F2 /* AppDelegate.swift */; };
		7845173B25952D0700C6E1F2 /* MainViewController.swift in Sources */ = {isa = PBXBuildFile; fileRef = 7845173A25952D0700C6E1F2 /* MainViewController.swift */; };
		7845174025952D0C00C6E1F2 /* Assets.xcassets in Resources */ = {isa = PBXBuildFile; fileRef = 7845173F25952D0C00C6E1F2 /* Assets.xcassets */; };
		7845174325952D0C00C6E1F2 /* LaunchScreen.storyboard in Resources */ = {isa = PBXBuildFile; fileRef = 7845174125952D0C00C6E1F2 /* LaunchScreen.storyboard */; };
		78451755259617C900C6E1F2 /* HTTPRequest.swift in Sources */ = {isa = PBXBuildFile; fileRef = 78451754259617C900C6E1F2 /* HTTPRequest.swift */; };
		7845175725961C3400C6E1F2 /* HTTPResponse.swift in Sources */ = {isa = PBXBuildFile; fileRef = 7845175625961C3400C6E1F2 /* HTTPResponse.swift */; };
		7845175925961ED700C6E1F2 /* HTTPStatus.swift in Sources */ = {isa = PBXBuildFile; fileRef = 7845175825961ED700C6E1F2 /* HTTPStatus.swift */; };
		7845175B2596254100C6E1F2 /* HTTPResult.swift in Sources */ = {isa = PBXBuildFile; fileRef = 7845175A2596254100C6E1F2 /* HTTPResult.swift */; };
		7845175D2596259700C6E1F2 /* HTTPError.swift in Sources */ = {isa = PBXBuildFile; fileRef = 7845175C2596259700C6E1F2 /* HTTPError.swift */; };
		7845175F2596273100C6E1F2 /* HTTPMethod.swift in Sources */ = {isa = PBXBuildFile; fileRef = 7845175E2596273100C6E1F2 /* HTTPMethod.swift */; };
		784517612596289600C6E1F2 /* HTTPBody.swift in Sources */ = {isa = PBXBuildFile; fileRef = 784517602596289600C6E1F2 /* HTTPBody.swift */; };
		7845176325962A7300C6E1F2 /* JSONBody.swift in Sources */ = {isa = PBXBuildFile; fileRef = 7845176225962A7300C6E1F2 /* JSONBody.swift */; };
		784517652596369600C6E1F2 /* HTTPLoading.swift in Sources */ = {isa = PBXBuildFile; fileRef = 784517642596369600C6E1F2 /* HTTPLoading.swift */; };
		784517672596397200C6E1F2 /* NoBody.swift in Sources */ = {isa = PBXBuildFile; fileRef = 784517662596397200C6E1F2 /* NoBody.swift */; };
		7845176D2596662A00C6E1F2 /* URLSession+HTTPLoading.swift in Sources */ = {isa = PBXBuildFile; fileRef = 7845176C2596662A00C6E1F2 /* URLSession+HTTPLoading.swift */; };
		7845177425966EAD00C6E1F2 /* OMDBFetchMoviesAPI.swift in Sources */ = {isa = PBXBuildFile; fileRef = 7845177325966EAD00C6E1F2 /* OMDBFetchMoviesAPI.swift */; };
		784517772596723B00C6E1F2 /* URLComponents+Extensions.swift in Sources */ = {isa = PBXBuildFile; fileRef = 784517762596723B00C6E1F2 /* URLComponents+Extensions.swift */; };
		784517792596729E00C6E1F2 /* Encodable+Extensions.swift in Sources */ = {isa = PBXBuildFile; fileRef = 784517782596729E00C6E1F2 /* Encodable+Extensions.swift */; };
		7845177B259672DE00C6E1F2 /* OMDBFetchMoviesUseCase.swift in Sources */ = {isa = PBXBuildFile; fileRef = 7845177A259672DE00C6E1F2 /* OMDBFetchMoviesUseCase.swift */; };
		7845177D259673B900C6E1F2 /* OMDBRequest.swift in Sources */ = {isa = PBXBuildFile; fileRef = 7845177C259673B900C6E1F2 /* OMDBRequest.swift */; };
		7845177F259673EC00C6E1F2 /* APIConfiguration.swift in Sources */ = {isa = PBXBuildFile; fileRef = 7845177E259673EC00C6E1F2 /* APIConfiguration.swift */; };
		784517812596965A00C6E1F2 /* MockLoader.swift in Sources */ = {isa = PBXBuildFile; fileRef = 784517802596965A00C6E1F2 /* MockLoader.swift */; };
		784517892596986600C6E1F2 /* OMDBFetchMoviesAPITests.swift in Sources */ = {isa = PBXBuildFile; fileRef = 784517882596986600C6E1F2 /* OMDBFetchMoviesAPITests.swift */; };
		7845179125976F3500C6E1F2 /* OMDBModel.swift in Sources */ = {isa = PBXBuildFile; fileRef = 7845179025976F3500C6E1F2 /* OMDBModel.swift */; };
		784517932597718D00C6E1F2 /* RemoteAPIError.swift in Sources */ = {isa = PBXBuildFile; fileRef = 784517922597718D00C6E1F2 /* RemoteAPIError.swift */; };
		78451795259775F200C6E1F2 /* OMDBAPIError.swift in Sources */ = {isa = PBXBuildFile; fileRef = 78451794259775F200C6E1F2 /* OMDBAPIError.swift */; };
		784517982597A3E600C6E1F2 /* StorageType.swift in Sources */ = {isa = PBXBuildFile; fileRef = 784517972597A3E600C6E1F2 /* StorageType.swift */; };
		7845179A2597A58700C6E1F2 /* JSONStore.swift in Sources */ = {isa = PBXBuildFile; fileRef = 784517992597A58700C6E1F2 /* JSONStore.swift */; };
		784517A02597C26500C6E1F2 /* MockJSONStore.swift in Sources */ = {isa = PBXBuildFile; fileRef = 7845179F2597C26500C6E1F2 /* MockJSONStore.swift */; };
		784517A22597C42200C6E1F2 /* OMDBCacheMoviesTests.swift in Sources */ = {isa = PBXBuildFile; fileRef = 784517A12597C42200C6E1F2 /* OMDBCacheMoviesTests.swift */; };
		784517A42597C46600C6E1F2 /* MockData.swift in Sources */ = {isa = PBXBuildFile; fileRef = 784517A32597C46600C6E1F2 /* MockData.swift */; };
		784517A72597E77500C6E1F2 /* Paginator.swift in Sources */ = {isa = PBXBuildFile; fileRef = 784517A62597E77500C6E1F2 /* Paginator.swift */; };
		784517A92597E7DB00C6E1F2 /* OMDBPaginator.swift in Sources */ = {isa = PBXBuildFile; fileRef = 784517A82597E7DB00C6E1F2 /* OMDBPaginator.swift */; };
		784517AB259824A600C6E1F2 /* PaginationTests.swift in Sources */ = {isa = PBXBuildFile; fileRef = 784517AA259824A600C6E1F2 /* PaginationTests.swift */; };
		784517AD259824BA00C6E1F2 /* MockPaginator.swift in Sources */ = {isa = PBXBuildFile; fileRef = 784517AC259824BA00C6E1F2 /* MockPaginator.swift */; };
		784517AF25982D1200C6E1F2 /* OMDBViewModel.swift in Sources */ = {isa = PBXBuildFile; fileRef = 784517AE25982D1200C6E1F2 /* OMDBViewModel.swift */; };
		784517B125982DE700C6E1F2 /* Bindable.swift in Sources */ = {isa = PBXBuildFile; fileRef = 784517B025982DE700C6E1F2 /* Bindable.swift */; };
		784517B325982E1E00C6E1F2 /* ViewState.swift in Sources */ = {isa = PBXBuildFile; fileRef = 784517B225982E1E00C6E1F2 /* ViewState.swift */; };
		784517B52598311900C6E1F2 /* ViewModelTests.swift in Sources */ = {isa = PBXBuildFile; fileRef = 784517B42598311900C6E1F2 /* ViewModelTests.swift */; };
		784517B72598380000C6E1F2 /* OMDBView.swift in Sources */ = {isa = PBXBuildFile; fileRef = 784517B62598380000C6E1F2 /* OMDBView.swift */; };
		784517B92598384500C6E1F2 /* PhotoCell.swift in Sources */ = {isa = PBXBuildFile; fileRef = 784517B82598384500C6E1F2 /* PhotoCell.swift */; };
		784517BC2598389E00C6E1F2 /* ImageCacheProtocol.swift in Sources */ = {isa = PBXBuildFile; fileRef = 784517BB2598389E00C6E1F2 /* ImageCacheProtocol.swift */; };
		784517BE259838C900C6E1F2 /* FakeImageCache.swift in Sources */ = {isa = PBXBuildFile; fileRef = 784517BD259838C900C6E1F2 /* FakeImageCache.swift */; };
		784517C025983A5900C6E1F2 /* IntermediateStateViewController.swift in Sources */ = {isa = PBXBuildFile; fileRef = 784517BF25983A5900C6E1F2 /* IntermediateStateViewController.swift */; };
		784517C225983A7400C6E1F2 /* IntermediateStateView.swift in Sources */ = {isa = PBXBuildFile; fileRef = 784517C125983A7400C6E1F2 /* IntermediateStateView.swift */; };
		784517C425983AE300C6E1F2 /* NiblessView.swift in Sources */ = {isa = PBXBuildFile; fileRef = 784517C325983AE300C6E1F2 /* NiblessView.swift */; };
		784517C625983AF600C6E1F2 /* NiblessViewController.swift in Sources */ = {isa = PBXBuildFile; fileRef = 784517C525983AF600C6E1F2 /* NiblessViewController.swift */; };
		784517C825983B6400C6E1F2 /* UIViewController+extensions.swift in Sources */ = {isa = PBXBuildFile; fileRef = 784517C725983B6400C6E1F2 /* UIViewController+extensions.swift */; };
/* End PBXBuildFile section */

/* Begin PBXContainerItemProxy section */
		7845178B2596986600C6E1F2 /* PBXContainerItemProxy */ = {
			isa = PBXContainerItemProxy;
			containerPortal = 7845172B25952D0700C6E1F2 /* Project object */;
			proxyType = 1;
			remoteGlobalIDString = 7845173225952D0700C6E1F2;
			remoteInfo = WillyWeatherProject;
		};
/* End PBXContainerItemProxy section */

/* Begin PBXFileReference section */
		7845173325952D0700C6E1F2 /* WillyWeatherProject.app */ = {isa = PBXFileReference; explicitFileType = wrapper.application; includeInIndex = 0; path = WillyWeatherProject.app; sourceTree = BUILT_PRODUCTS_DIR; };
		7845173625952D0700C6E1F2 /* AppDelegate.swift */ = {isa = PBXFileReference; lastKnownFileType = sourcecode.swift; path = AppDelegate.swift; sourceTree = "<group>"; };
		7845173A25952D0700C6E1F2 /* MainViewController.swift */ = {isa = PBXFileReference; lastKnownFileType = sourcecode.swift; path = MainViewController.swift; sourceTree = "<group>"; };
		7845173F25952D0C00C6E1F2 /* Assets.xcassets */ = {isa = PBXFileReference; lastKnownFileType = folder.assetcatalog; path = Assets.xcassets; sourceTree = "<group>"; };
		7845174225952D0C00C6E1F2 /* Base */ = {isa = PBXFileReference; lastKnownFileType = file.storyboard; name = Base; path = Base.lproj/LaunchScreen.storyboard; sourceTree = "<group>"; };
		7845174425952D0C00C6E1F2 /* Info.plist */ = {isa = PBXFileReference; lastKnownFileType = text.plist.xml; path = Info.plist; sourceTree = "<group>"; };
		78451754259617C900C6E1F2 /* HTTPRequest.swift */ = {isa = PBXFileReference; lastKnownFileType = sourcecode.swift; path = HTTPRequest.swift; sourceTree = "<group>"; };
		7845175625961C3400C6E1F2 /* HTTPResponse.swift */ = {isa = PBXFileReference; lastKnownFileType = sourcecode.swift; path = HTTPResponse.swift; sourceTree = "<group>"; };
		7845175825961ED700C6E1F2 /* HTTPStatus.swift */ = {isa = PBXFileReference; lastKnownFileType = sourcecode.swift; path = HTTPStatus.swift; sourceTree = "<group>"; };
		7845175A2596254100C6E1F2 /* HTTPResult.swift */ = {isa = PBXFileReference; lastKnownFileType = sourcecode.swift; path = HTTPResult.swift; sourceTree = "<group>"; };
		7845175C2596259700C6E1F2 /* HTTPError.swift */ = {isa = PBXFileReference; lastKnownFileType = sourcecode.swift; path = HTTPError.swift; sourceTree = "<group>"; };
		7845175E2596273100C6E1F2 /* HTTPMethod.swift */ = {isa = PBXFileReference; lastKnownFileType = sourcecode.swift; path = HTTPMethod.swift; sourceTree = "<group>"; };
		784517602596289600C6E1F2 /* HTTPBody.swift */ = {isa = PBXFileReference; lastKnownFileType = sourcecode.swift; path = HTTPBody.swift; sourceTree = "<group>"; };
		7845176225962A7300C6E1F2 /* JSONBody.swift */ = {isa = PBXFileReference; lastKnownFileType = sourcecode.swift; path = JSONBody.swift; sourceTree = "<group>"; };
		784517642596369600C6E1F2 /* HTTPLoading.swift */ = {isa = PBXFileReference; lastKnownFileType = sourcecode.swift; path = HTTPLoading.swift; sourceTree = "<group>"; };
		784517662596397200C6E1F2 /* NoBody.swift */ = {isa = PBXFileReference; lastKnownFileType = sourcecode.swift; path = NoBody.swift; sourceTree = "<group>"; };
		7845176C2596662A00C6E1F2 /* URLSession+HTTPLoading.swift */ = {isa = PBXFileReference; lastKnownFileType = sourcecode.swift; path = "URLSession+HTTPLoading.swift"; sourceTree = "<group>"; };
		7845177325966EAD00C6E1F2 /* OMDBFetchMoviesAPI.swift */ = {isa = PBXFileReference; lastKnownFileType = sourcecode.swift; path = OMDBFetchMoviesAPI.swift; sourceTree = "<group>"; };
		784517762596723B00C6E1F2 /* URLComponents+Extensions.swift */ = {isa = PBXFileReference; lastKnownFileType = sourcecode.swift; path = "URLComponents+Extensions.swift"; sourceTree = "<group>"; };
		784517782596729E00C6E1F2 /* Encodable+Extensions.swift */ = {isa = PBXFileReference; lastKnownFileType = sourcecode.swift; path = "Encodable+Extensions.swift"; sourceTree = "<group>"; };
		7845177A259672DE00C6E1F2 /* OMDBFetchMoviesUseCase.swift */ = {isa = PBXFileReference; lastKnownFileType = sourcecode.swift; path = OMDBFetchMoviesUseCase.swift; sourceTree = "<group>"; };
		7845177C259673B900C6E1F2 /* OMDBRequest.swift */ = {isa = PBXFileReference; lastKnownFileType = sourcecode.swift; path = OMDBRequest.swift; sourceTree = "<group>"; };
		7845177E259673EC00C6E1F2 /* APIConfiguration.swift */ = {isa = PBXFileReference; lastKnownFileType = sourcecode.swift; path = APIConfiguration.swift; sourceTree = "<group>"; };
		784517802596965A00C6E1F2 /* MockLoader.swift */ = {isa = PBXFileReference; lastKnownFileType = sourcecode.swift; path = MockLoader.swift; sourceTree = "<group>"; };
		784517862596986600C6E1F2 /* WillyWeatherProjectTests.xctest */ = {isa = PBXFileReference; explicitFileType = wrapper.cfbundle; includeInIndex = 0; path = WillyWeatherProjectTests.xctest; sourceTree = BUILT_PRODUCTS_DIR; };
		784517882596986600C6E1F2 /* OMDBFetchMoviesAPITests.swift */ = {isa = PBXFileReference; lastKnownFileType = sourcecode.swift; path = OMDBFetchMoviesAPITests.swift; sourceTree = "<group>"; };
		7845178A2596986600C6E1F2 /* Info.plist */ = {isa = PBXFileReference; lastKnownFileType = text.plist.xml; path = Info.plist; sourceTree = "<group>"; };
		7845179025976F3500C6E1F2 /* OMDBModel.swift */ = {isa = PBXFileReference; lastKnownFileType = sourcecode.swift; path = OMDBModel.swift; sourceTree = "<group>"; };
		784517922597718D00C6E1F2 /* RemoteAPIError.swift */ = {isa = PBXFileReference; lastKnownFileType = sourcecode.swift; path = RemoteAPIError.swift; sourceTree = "<group>"; };
		78451794259775F200C6E1F2 /* OMDBAPIError.swift */ = {isa = PBXFileReference; lastKnownFileType = sourcecode.swift; path = OMDBAPIError.swift; sourceTree = "<group>"; };
		784517972597A3E600C6E1F2 /* StorageType.swift */ = {isa = PBXFileReference; lastKnownFileType = sourcecode.swift; path = StorageType.swift; sourceTree = "<group>"; };
		784517992597A58700C6E1F2 /* JSONStore.swift */ = {isa = PBXFileReference; lastKnownFileType = sourcecode.swift; path = JSONStore.swift; sourceTree = "<group>"; };
		7845179F2597C26500C6E1F2 /* MockJSONStore.swift */ = {isa = PBXFileReference; lastKnownFileType = sourcecode.swift; path = MockJSONStore.swift; sourceTree = "<group>"; };
		784517A12597C42200C6E1F2 /* OMDBCacheMoviesTests.swift */ = {isa = PBXFileReference; lastKnownFileType = sourcecode.swift; path = OMDBCacheMoviesTests.swift; sourceTree = "<group>"; };
		784517A32597C46600C6E1F2 /* MockData.swift */ = {isa = PBXFileReference; lastKnownFileType = sourcecode.swift; path = MockData.swift; sourceTree = "<group>"; };
		784517A62597E77500C6E1F2 /* Paginator.swift */ = {isa = PBXFileReference; lastKnownFileType = sourcecode.swift; path = Paginator.swift; sourceTree = "<group>"; };
		784517A82597E7DB00C6E1F2 /* OMDBPaginator.swift */ = {isa = PBXFileReference; lastKnownFileType = sourcecode.swift; path = OMDBPaginator.swift; sourceTree = "<group>"; };
		784517AA259824A600C6E1F2 /* PaginationTests.swift */ = {isa = PBXFileReference; lastKnownFileType = sourcecode.swift; path = PaginationTests.swift; sourceTree = "<group>"; };
		784517AC259824BA00C6E1F2 /* MockPaginator.swift */ = {isa = PBXFileReference; lastKnownFileType = sourcecode.swift; path = MockPaginator.swift; sourceTree = "<group>"; };
		784517AE25982D1200C6E1F2 /* OMDBViewModel.swift */ = {isa = PBXFileReference; lastKnownFileType = sourcecode.swift; path = OMDBViewModel.swift; sourceTree = "<group>"; };
		784517B025982DE700C6E1F2 /* Bindable.swift */ = {isa = PBXFileReference; lastKnownFileType = sourcecode.swift; path = Bindable.swift; sourceTree = "<group>"; };
		784517B225982E1E00C6E1F2 /* ViewState.swift */ = {isa = PBXFileReference; lastKnownFileType = sourcecode.swift; path = ViewState.swift; sourceTree = "<group>"; };
		784517B42598311900C6E1F2 /* ViewModelTests.swift */ = {isa = PBXFileReference; lastKnownFileType = sourcecode.swift; path = ViewModelTests.swift; sourceTree = "<group>"; };
		784517B62598380000C6E1F2 /* OMDBView.swift */ = {isa = PBXFileReference; lastKnownFileType = sourcecode.swift; path = OMDBView.swift; sourceTree = "<group>"; };
		784517B82598384500C6E1F2 /* PhotoCell.swift */ = {isa = PBXFileReference; lastKnownFileType = sourcecode.swift; path = PhotoCell.swift; sourceTree = "<group>"; };
		784517BB2598389E00C6E1F2 /* ImageCacheProtocol.swift */ = {isa = PBXFileReference; lastKnownFileType = sourcecode.swift; path = ImageCacheProtocol.swift; sourceTree = "<group>"; };
		784517BD259838C900C6E1F2 /* FakeImageCache.swift */ = {isa = PBXFileReference; lastKnownFileType = sourcecode.swift; path = FakeImageCache.swift; sourceTree = "<group>"; };
		784517BF25983A5900C6E1F2 /* IntermediateStateViewController.swift */ = {isa = PBXFileReference; lastKnownFileType = sourcecode.swift; path = IntermediateStateViewController.swift; sourceTree = "<group>"; };
		784517C125983A7400C6E1F2 /* IntermediateStateView.swift */ = {isa = PBXFileReference; lastKnownFileType = sourcecode.swift; path = IntermediateStateView.swift; sourceTree = "<group>"; };
		784517C325983AE300C6E1F2 /* NiblessView.swift */ = {isa = PBXFileReference; lastKnownFileType = sourcecode.swift; path = NiblessView.swift; sourceTree = "<group>"; };
		784517C525983AF600C6E1F2 /* NiblessViewController.swift */ = {isa = PBXFileReference; lastKnownFileType = sourcecode.swift; path = NiblessViewController.swift; sourceTree = "<group>"; };
		784517C725983B6400C6E1F2 /* UIViewController+extensions.swift */ = {isa = PBXFileReference; lastKnownFileType = sourcecode.swift; path = "UIViewController+extensions.swift"; sourceTree = "<group>"; };
/* End PBXFileReference section */

/* Begin PBXFrameworksBuildPhase section */
		7845173025952D0700C6E1F2 /* Frameworks */ = {
			isa = PBXFrameworksBuildPhase;
			buildActionMask = 2147483647;
			files = (
			);
			runOnlyForDeploymentPostprocessing = 0;
		};
		784517832596986600C6E1F2 /* Frameworks */ = {
			isa = PBXFrameworksBuildPhase;
			buildActionMask = 2147483647;
			files = (
			);
			runOnlyForDeploymentPostprocessing = 0;
		};
/* End PBXFrameworksBuildPhase section */

/* Begin PBXGroup section */
		7845172A25952D0700C6E1F2 = {
			isa = PBXGroup;
			children = (
				7845173525952D0700C6E1F2 /* WillyWeatherProject */,
				784517872596986600C6E1F2 /* WillyWeatherProjectTests */,
				7845173425952D0700C6E1F2 /* Products */,
			);
			sourceTree = "<group>";
		};
		7845173425952D0700C6E1F2 /* Products */ = {
			isa = PBXGroup;
			children = (
				7845173325952D0700C6E1F2 /* WillyWeatherProject.app */,
				784517862596986600C6E1F2 /* WillyWeatherProjectTests.xctest */,
			);
			name = Products;
			sourceTree = "<group>";
		};
		7845173525952D0700C6E1F2 /* WillyWeatherProject */ = {
			isa = PBXGroup;
			children = (
				784517502596162E00C6E1F2 /* Reuseable */,
				7845174C259615F100C6E1F2 /* DataLayer */,
				7845174B259615EA00C6E1F2 /* UILayer */,
				7845174A259615C400C6E1F2 /* Bundle */,
			);
			path = WillyWeatherProject;
			sourceTree = "<group>";
		};
		7845174A259615C400C6E1F2 /* Bundle */ = {
			isa = PBXGroup;
			children = (
				7845173625952D0700C6E1F2 /* AppDelegate.swift */,
				7845173F25952D0C00C6E1F2 /* Assets.xcassets */,
				7845174125952D0C00C6E1F2 /* LaunchScreen.storyboard */,
				7845174425952D0C00C6E1F2 /* Info.plist */,
			);
			path = Bundle;
			sourceTree = "<group>";
		};
		7845174B259615EA00C6E1F2 /* UILayer */ = {
			isa = PBXGroup;
			children = (
				7845174F2596160C00C6E1F2 /* ViewControllers */,
				7845174E2596160600C6E1F2 /* ViewModels */,
				7845174D2596160000C6E1F2 /* Views */,
			);
			path = UILayer;
			sourceTree = "<group>";
		};
		7845174C259615F100C6E1F2 /* DataLayer */ = {
			isa = PBXGroup;
			children = (
				784517A52597E76100C6E1F2 /* Paginator */,
				784517962597A3D300C6E1F2 /* Storage */,
				7845177225966CCE00C6E1F2 /* APIs */,
				784517532596169200C6E1F2 /* Networking */,
				784517522596165400C6E1F2 /* Models */,
			);
			path = DataLayer;
			sourceTree = "<group>";
		};
		7845174D2596160000C6E1F2 /* Views */ = {
			isa = PBXGroup;
			children = (
				784517B62598380000C6E1F2 /* OMDBView.swift */,
				784517B82598384500C6E1F2 /* PhotoCell.swift */,
				784517C125983A7400C6E1F2 /* IntermediateStateView.swift */,
			);
			path = Views;
			sourceTree = "<group>";
		};
		7845174E2596160600C6E1F2 /* ViewModels */ = {
			isa = PBXGroup;
			children = (
				784517AE25982D1200C6E1F2 /* OMDBViewModel.swift */,
				784517B225982E1E00C6E1F2 /* ViewState.swift */,
			);
			path = ViewModels;
			sourceTree = "<group>";
		};
		7845174F2596160C00C6E1F2 /* ViewControllers */ = {
			isa = PBXGroup;
			children = (
				7845173A25952D0700C6E1F2 /* MainViewController.swift */,
				784517BF25983A5900C6E1F2 /* IntermediateStateViewController.swift */,
			);
			path = ViewControllers;
			sourceTree = "<group>";
		};
		784517502596162E00C6E1F2 /* Reuseable */ = {
			isa = PBXGroup;
			children = (
				784517BA2598389300C6E1F2 /* ImageCache */,
				784517512596163600C6E1F2 /* Extensions */,
				784517B025982DE700C6E1F2 /* Bindable.swift */,
				784517C325983AE300C6E1F2 /* NiblessView.swift */,
				784517C525983AF600C6E1F2 /* NiblessViewController.swift */,
			);
			path = Reuseable;
			sourceTree = "<group>";
		};
		784517512596163600C6E1F2 /* Extensions */ = {
			isa = PBXGroup;
			children = (
				784517C725983B6400C6E1F2 /* UIViewController+extensions.swift */,
			);
			path = Extensions;
			sourceTree = "<group>";
		};
		784517522596165400C6E1F2 /* Models */ = {
			isa = PBXGroup;
			children = (
				7845179025976F3500C6E1F2 /* OMDBModel.swift */,
				78451794259775F200C6E1F2 /* OMDBAPIError.swift */,
			);
			path = Models;
			sourceTree = "<group>";
		};
		784517532596169200C6E1F2 /* Networking */ = {
			isa = PBXGroup;
			children = (
				784517752596722F00C6E1F2 /* Extensions */,
				7845176B2596660A00C6E1F2 /* Concrete */,
				7845176A259665FD00C6E1F2 /* Protocols */,
				78451768259665BC00C6E1F2 /* Models */,
			);
			path = Networking;
			sourceTree = "<group>";
		};
		78451768259665BC00C6E1F2 /* Models */ = {
			isa = PBXGroup;
			children = (
				78451769259665DE00C6E1F2 /* Enums */,
				7845175A2596254100C6E1F2 /* HTTPResult.swift */,
				7845175625961C3400C6E1F2 /* HTTPResponse.swift */,
				78451754259617C900C6E1F2 /* HTTPRequest.swift */,
			);
			path = Models;
			sourceTree = "<group>";
		};
		78451769259665DE00C6E1F2 /* Enums */ = {
			isa = PBXGroup;
			children = (
				7845175825961ED700C6E1F2 /* HTTPStatus.swift */,
				7845175E2596273100C6E1F2 /* HTTPMethod.swift */,
				7845175C2596259700C6E1F2 /* HTTPError.swift */,
			);
			path = Enums;
			sourceTree = "<group>";
		};
		7845176A259665FD00C6E1F2 /* Protocols */ = {
			isa = PBXGroup;
			children = (
				784517602596289600C6E1F2 /* HTTPBody.swift */,
				784517642596369600C6E1F2 /* HTTPLoading.swift */,
			);
			path = Protocols;
			sourceTree = "<group>";
		};
		7845176B2596660A00C6E1F2 /* Concrete */ = {
			isa = PBXGroup;
			children = (
				7845176225962A7300C6E1F2 /* JSONBody.swift */,
				784517662596397200C6E1F2 /* NoBody.swift */,
				7845176C2596662A00C6E1F2 /* URLSession+HTTPLoading.swift */,
				784517802596965A00C6E1F2 /* MockLoader.swift */,
			);
			path = Concrete;
			sourceTree = "<group>";
		};
		7845177225966CCE00C6E1F2 /* APIs */ = {
			isa = PBXGroup;
			children = (
				7845177325966EAD00C6E1F2 /* OMDBFetchMoviesAPI.swift */,
				7845177A259672DE00C6E1F2 /* OMDBFetchMoviesUseCase.swift */,
				7845177C259673B900C6E1F2 /* OMDBRequest.swift */,
				7845177E259673EC00C6E1F2 /* APIConfiguration.swift */,
				784517922597718D00C6E1F2 /* RemoteAPIError.swift */,
			);
			path = APIs;
			sourceTree = "<group>";
		};
		784517752596722F00C6E1F2 /* Extensions */ = {
			isa = PBXGroup;
			children = (
				784517762596723B00C6E1F2 /* URLComponents+Extensions.swift */,
				784517782596729E00C6E1F2 /* Encodable+Extensions.swift */,
			);
			path = Extensions;
			sourceTree = "<group>";
		};
		784517872596986600C6E1F2 /* WillyWeatherProjectTests */ = {
			isa = PBXGroup;
			children = (
				784517882596986600C6E1F2 /* OMDBFetchMoviesAPITests.swift */,
				7845178A2596986600C6E1F2 /* Info.plist */,
				784517A12597C42200C6E1F2 /* OMDBCacheMoviesTests.swift */,
				784517A32597C46600C6E1F2 /* MockData.swift */,
				784517AA259824A600C6E1F2 /* PaginationTests.swift */,
				784517B42598311900C6E1F2 /* ViewModelTests.swift */,
			);
			path = WillyWeatherProjectTests;
			sourceTree = "<group>";
		};
		784517962597A3D300C6E1F2 /* Storage */ = {
			isa = PBXGroup;
			children = (
				784517972597A3E600C6E1F2 /* StorageType.swift */,
				784517992597A58700C6E1F2 /* JSONStore.swift */,
				7845179F2597C26500C6E1F2 /* MockJSONStore.swift */,
			);
			path = Storage;
			sourceTree = "<group>";
		};
		784517A52597E76100C6E1F2 /* Paginator */ = {
			isa = PBXGroup;
			children = (
				784517A62597E77500C6E1F2 /* Paginator.swift */,
				784517A82597E7DB00C6E1F2 /* OMDBPaginator.swift */,
				784517AC259824BA00C6E1F2 /* MockPaginator.swift */,
			);
			path = Paginator;
			sourceTree = "<group>";
		};
		784517BA2598389300C6E1F2 /* ImageCache */ = {
			isa = PBXGroup;
			children = (
				784517BB2598389E00C6E1F2 /* ImageCacheProtocol.swift */,
				784517BD259838C900C6E1F2 /* FakeImageCache.swift */,
			);
			path = ImageCache;
			sourceTree = "<group>";
		};
/* End PBXGroup section */

/* Begin PBXNativeTarget section */
		7845173225952D0700C6E1F2 /* WillyWeatherProject */ = {
			isa = PBXNativeTarget;
			buildConfigurationList = 7845174725952D0C00C6E1F2 /* Build configuration list for PBXNativeTarget "WillyWeatherProject" */;
			buildPhases = (
				7845172F25952D0700C6E1F2 /* Sources */,
				7845173025952D0700C6E1F2 /* Frameworks */,
				7845173125952D0700C6E1F2 /* Resources */,
			);
			buildRules = (
			);
			dependencies = (
			);
			name = WillyWeatherProject;
			productName = WillyWeatherProject;
			productReference = 7845173325952D0700C6E1F2 /* WillyWeatherProject.app */;
			productType = "com.apple.product-type.application";
		};
		784517852596986600C6E1F2 /* WillyWeatherProjectTests */ = {
			isa = PBXNativeTarget;
			buildConfigurationList = 7845178D2596986600C6E1F2 /* Build configuration list for PBXNativeTarget "WillyWeatherProjectTests" */;
			buildPhases = (
				784517822596986600C6E1F2 /* Sources */,
				784517832596986600C6E1F2 /* Frameworks */,
				784517842596986600C6E1F2 /* Resources */,
			);
			buildRules = (
			);
			dependencies = (
				7845178C2596986600C6E1F2 /* PBXTargetDependency */,
			);
			name = WillyWeatherProjectTests;
			productName = WillyWeatherProjectTests;
			productReference = 784517862596986600C6E1F2 /* WillyWeatherProjectTests.xctest */;
			productType = "com.apple.product-type.bundle.unit-test";
		};
/* End PBXNativeTarget section */

/* Begin PBXProject section */
		7845172B25952D0700C6E1F2 /* Project object */ = {
			isa = PBXProject;
			attributes = {
				LastSwiftUpdateCheck = 1160;
				LastUpgradeCheck = 1160;
				ORGANIZATIONNAME = amandeep;
				TargetAttributes = {
					7845173225952D0700C6E1F2 = {
						CreatedOnToolsVersion = 11.6;
					};
					784517852596986600C6E1F2 = {
						CreatedOnToolsVersion = 11.6;
						TestTargetID = 7845173225952D0700C6E1F2;
					};
				};
			};
			buildConfigurationList = 7845172E25952D0700C6E1F2 /* Build configuration list for PBXProject "WillyWeatherProject" */;
			compatibilityVersion = "Xcode 9.3";
			developmentRegion = en;
			hasScannedForEncodings = 0;
			knownRegions = (
				en,
				Base,
			);
			mainGroup = 7845172A25952D0700C6E1F2;
			productRefGroup = 7845173425952D0700C6E1F2 /* Products */;
			projectDirPath = "";
			projectRoot = "";
			targets = (
				7845173225952D0700C6E1F2 /* WillyWeatherProject */,
				784517852596986600C6E1F2 /* WillyWeatherProjectTests */,
			);
		};
/* End PBXProject section */

/* Begin PBXResourcesBuildPhase section */
		7845173125952D0700C6E1F2 /* Resources */ = {
			isa = PBXResourcesBuildPhase;
			buildActionMask = 2147483647;
			files = (
				7845174325952D0C00C6E1F2 /* LaunchScreen.storyboard in Resources */,
				7845174025952D0C00C6E1F2 /* Assets.xcassets in Resources */,
			);
			runOnlyForDeploymentPostprocessing = 0;
		};
		784517842596986600C6E1F2 /* Resources */ = {
			isa = PBXResourcesBuildPhase;
			buildActionMask = 2147483647;
			files = (
			);
			runOnlyForDeploymentPostprocessing = 0;
		};
/* End PBXResourcesBuildPhase section */

/* Begin PBXSourcesBuildPhase section */
		7845172F25952D0700C6E1F2 /* Sources */ = {
			isa = PBXSourcesBuildPhase;
			buildActionMask = 2147483647;
			files = (
				784517C825983B6400C6E1F2 /* UIViewController+extensions.swift in Sources */,
				784517C425983AE300C6E1F2 /* NiblessView.swift in Sources */,
				784517A02597C26500C6E1F2 /* MockJSONStore.swift in Sources */,
				784517BE259838C900C6E1F2 /* FakeImageCache.swift in Sources */,
				7845177D259673B900C6E1F2 /* OMDBRequest.swift in Sources */,
				7845175B2596254100C6E1F2 /* HTTPResult.swift in Sources */,
				7845175725961C3400C6E1F2 /* HTTPResponse.swift in Sources */,
				784517982597A3E600C6E1F2 /* StorageType.swift in Sources */,
				784517672596397200C6E1F2 /* NoBody.swift in Sources */,
				784517B325982E1E00C6E1F2 /* ViewState.swift in Sources */,
				784517B72598380000C6E1F2 /* OMDBView.swift in Sources */,
				78451795259775F200C6E1F2 /* OMDBAPIError.swift in Sources */,
				7845175D2596259700C6E1F2 /* HTTPError.swift in Sources */,
				784517AF25982D1200C6E1F2 /* OMDBViewModel.swift in Sources */,
				78451755259617C900C6E1F2 /* HTTPRequest.swift in Sources */,
				7845177F259673EC00C6E1F2 /* APIConfiguration.swift in Sources */,
				784517772596723B00C6E1F2 /* URLComponents+Extensions.swift in Sources */,
				784517B125982DE700C6E1F2 /* Bindable.swift in Sources */,
				7845175F2596273100C6E1F2 /* HTTPMethod.swift in Sources */,
				7845177B259672DE00C6E1F2 /* OMDBFetchMoviesUseCase.swift in Sources */,
				7845173B25952D0700C6E1F2 /* MainViewController.swift in Sources */,
				784517AD259824BA00C6E1F2 /* MockPaginator.swift in Sources */,
				784517612596289600C6E1F2 /* HTTPBody.swift in Sources */,
				7845179125976F3500C6E1F2 /* OMDBModel.swift in Sources */,
				784517652596369600C6E1F2 /* HTTPLoading.swift in Sources */,
				784517B92598384500C6E1F2 /* PhotoCell.swift in Sources */,
				7845176325962A7300C6E1F2 /* JSONBody.swift in Sources */,
				7845173725952D0700C6E1F2 /* AppDelegate.swift in Sources */,
				7845176D2596662A00C6E1F2 /* URLSession+HTTPLoading.swift in Sources */,
				784517A72597E77500C6E1F2 /* Paginator.swift in Sources */,
				784517812596965A00C6E1F2 /* MockLoader.swift in Sources */,
				784517792596729E00C6E1F2 /* Encodable+Extensions.swift in Sources */,
				784517C025983A5900C6E1F2 /* IntermediateStateViewController.swift in Sources */,
				7845177425966EAD00C6E1F2 /* OMDBFetchMoviesAPI.swift in Sources */,
				7845175925961ED700C6E1F2 /* HTTPStatus.swift in Sources */,
				784517BC2598389E00C6E1F2 /* ImageCacheProtocol.swift in Sources */,
				784517A92597E7DB00C6E1F2 /* OMDBPaginator.swift in Sources */,
				7845179A2597A58700C6E1F2 /* JSONStore.swift in Sources */,
				784517C625983AF600C6E1F2 /* NiblessViewController.swift in Sources */,
				784517932597718D00C6E1F2 /* RemoteAPIError.swift in Sources */,
				784517C225983A7400C6E1F2 /* IntermediateStateView.swift in Sources */,
			);
			runOnlyForDeploymentPostprocessing = 0;
		};
		784517822596986600C6E1F2 /* Sources */ = {
			isa = PBXSourcesBuildPhase;
			buildActionMask = 2147483647;
			files = (
				784517892596986600C6E1F2 /* OMDBFetchMoviesAPITests.swift in Sources */,
				784517AB259824A600C6E1F2 /* PaginationTests.swift in Sources */,
				784517B52598311900C6E1F2 /* ViewModelTests.swift in Sources */,
				784517A42597C46600C6E1F2 /* MockData.swift in Sources */,
				784517A22597C42200C6E1F2 /* OMDBCacheMoviesTests.swift in Sources */,
			);
			runOnlyForDeploymentPostprocessing = 0;
		};
/* End PBXSourcesBuildPhase section */

/* Begin PBXTargetDependency section */
		7845178C2596986600C6E1F2 /* PBXTargetDependency */ = {
			isa = PBXTargetDependency;
			target = 7845173225952D0700C6E1F2 /* WillyWeatherProject */;
			targetProxy = 7845178B2596986600C6E1F2 /* PBXContainerItemProxy */;
		};
/* End PBXTargetDependency section */

/* Begin PBXVariantGroup section */
		7845174125952D0C00C6E1F2 /* LaunchScreen.storyboard */ = {
			isa = PBXVariantGroup;
			children = (
				7845174225952D0C00C6E1F2 /* Base */,
			);
			name = LaunchScreen.storyboard;
			sourceTree = "<group>";
		};
/* End PBXVariantGroup section */

/* Begin XCBuildConfiguration section */
		7845174525952D0C00C6E1F2 /* Debug */ = {
			isa = XCBuildConfiguration;
			buildSettings = {
				ALWAYS_SEARCH_USER_PATHS = NO;
				CLANG_ANALYZER_NONNULL = YES;
				CLANG_ANALYZER_NUMBER_OBJECT_CONVERSION = YES_AGGRESSIVE;
				CLANG_CXX_LANGUAGE_STANDARD = "gnu++14";
				CLANG_CXX_LIBRARY = "libc++";
				CLANG_ENABLE_MODULES = YES;
				CLANG_ENABLE_OBJC_ARC = YES;
				CLANG_ENABLE_OBJC_WEAK = YES;
				CLANG_WARN_BLOCK_CAPTURE_AUTORELEASING = YES;
				CLANG_WARN_BOOL_CONVERSION = YES;
				CLANG_WARN_COMMA = YES;
				CLANG_WARN_CONSTANT_CONVERSION = YES;
				CLANG_WARN_DEPRECATED_OBJC_IMPLEMENTATIONS = YES;
				CLANG_WARN_DIRECT_OBJC_ISA_USAGE = YES_ERROR;
				CLANG_WARN_DOCUMENTATION_COMMENTS = YES;
				CLANG_WARN_EMPTY_BODY = YES;
				CLANG_WARN_ENUM_CONVERSION = YES;
				CLANG_WARN_INFINITE_RECURSION = YES;
				CLANG_WARN_INT_CONVERSION = YES;
				CLANG_WARN_NON_LITERAL_NULL_CONVERSION = YES;
				CLANG_WARN_OBJC_IMPLICIT_RETAIN_SELF = YES;
				CLANG_WARN_OBJC_LITERAL_CONVERSION = YES;
				CLANG_WARN_OBJC_ROOT_CLASS = YES_ERROR;
				CLANG_WARN_RANGE_LOOP_ANALYSIS = YES;
				CLANG_WARN_STRICT_PROTOTYPES = YES;
				CLANG_WARN_SUSPICIOUS_MOVE = YES;
				CLANG_WARN_UNGUARDED_AVAILABILITY = YES_AGGRESSIVE;
				CLANG_WARN_UNREACHABLE_CODE = YES;
				CLANG_WARN__DUPLICATE_METHOD_MATCH = YES;
				COPY_PHASE_STRIP = NO;
				DEBUG_INFORMATION_FORMAT = dwarf;
				ENABLE_STRICT_OBJC_MSGSEND = YES;
				ENABLE_TESTABILITY = YES;
				GCC_C_LANGUAGE_STANDARD = gnu11;
				GCC_DYNAMIC_NO_PIC = NO;
				GCC_NO_COMMON_BLOCKS = YES;
				GCC_OPTIMIZATION_LEVEL = 0;
				GCC_PREPROCESSOR_DEFINITIONS = (
					"DEBUG=1",
					"$(inherited)",
				);
				GCC_WARN_64_TO_32_BIT_CONVERSION = YES;
				GCC_WARN_ABOUT_RETURN_TYPE = YES_ERROR;
				GCC_WARN_UNDECLARED_SELECTOR = YES;
				GCC_WARN_UNINITIALIZED_AUTOS = YES_AGGRESSIVE;
				GCC_WARN_UNUSED_FUNCTION = YES;
				GCC_WARN_UNUSED_VARIABLE = YES;
				IPHONEOS_DEPLOYMENT_TARGET = 13.6;
				MTL_ENABLE_DEBUG_INFO = INCLUDE_SOURCE;
				MTL_FAST_MATH = YES;
				ONLY_ACTIVE_ARCH = YES;
				SDKROOT = iphoneos;
				SWIFT_ACTIVE_COMPILATION_CONDITIONS = DEBUG;
				SWIFT_OPTIMIZATION_LEVEL = "-Onone";
			};
			name = Debug;
		};
		7845174625952D0C00C6E1F2 /* Release */ = {
			isa = XCBuildConfiguration;
			buildSettings = {
				ALWAYS_SEARCH_USER_PATHS = NO;
				CLANG_ANALYZER_NONNULL = YES;
				CLANG_ANALYZER_NUMBER_OBJECT_CONVERSION = YES_AGGRESSIVE;
				CLANG_CXX_LANGUAGE_STANDARD = "gnu++14";
				CLANG_CXX_LIBRARY = "libc++";
				CLANG_ENABLE_MODULES = YES;
				CLANG_ENABLE_OBJC_ARC = YES;
				CLANG_ENABLE_OBJC_WEAK = YES;
				CLANG_WARN_BLOCK_CAPTURE_AUTORELEASING = YES;
				CLANG_WARN_BOOL_CONVERSION = YES;
				CLANG_WARN_COMMA = YES;
				CLANG_WARN_CONSTANT_CONVERSION = YES;
				CLANG_WARN_DEPRECATED_OBJC_IMPLEMENTATIONS = YES;
				CLANG_WARN_DIRECT_OBJC_ISA_USAGE = YES_ERROR;
				CLANG_WARN_DOCUMENTATION_COMMENTS = YES;
				CLANG_WARN_EMPTY_BODY = YES;
				CLANG_WARN_ENUM_CONVERSION = YES;
				CLANG_WARN_INFINITE_RECURSION = YES;
				CLANG_WARN_INT_CONVERSION = YES;
				CLANG_WARN_NON_LITERAL_NULL_CONVERSION = YES;
				CLANG_WARN_OBJC_IMPLICIT_RETAIN_SELF = YES;
				CLANG_WARN_OBJC_LITERAL_CONVERSION = YES;
				CLANG_WARN_OBJC_ROOT_CLASS = YES_ERROR;
				CLANG_WARN_RANGE_LOOP_ANALYSIS = YES;
				CLANG_WARN_STRICT_PROTOTYPES = YES;
				CLANG_WARN_SUSPICIOUS_MOVE = YES;
				CLANG_WARN_UNGUARDED_AVAILABILITY = YES_AGGRESSIVE;
				CLANG_WARN_UNREACHABLE_CODE = YES;
				CLANG_WARN__DUPLICATE_METHOD_MATCH = YES;
				COPY_PHASE_STRIP = NO;
				DEBUG_INFORMATION_FORMAT = "dwarf-with-dsym";
				ENABLE_NS_ASSERTIONS = NO;
				ENABLE_STRICT_OBJC_MSGSEND = YES;
				GCC_C_LANGUAGE_STANDARD = gnu11;
				GCC_NO_COMMON_BLOCKS = YES;
				GCC_WARN_64_TO_32_BIT_CONVERSION = YES;
				GCC_WARN_ABOUT_RETURN_TYPE = YES_ERROR;
				GCC_WARN_UNDECLARED_SELECTOR = YES;
				GCC_WARN_UNINITIALIZED_AUTOS = YES_AGGRESSIVE;
				GCC_WARN_UNUSED_FUNCTION = YES;
				GCC_WARN_UNUSED_VARIABLE = YES;
				IPHONEOS_DEPLOYMENT_TARGET = 13.6;
				MTL_ENABLE_DEBUG_INFO = NO;
				MTL_FAST_MATH = YES;
				SDKROOT = iphoneos;
				SWIFT_COMPILATION_MODE = wholemodule;
				SWIFT_OPTIMIZATION_LEVEL = "-O";
				VALIDATE_PRODUCT = YES;
			};
			name = Release;
		};
		7845174825952D0C00C6E1F2 /* Debug */ = {
			isa = XCBuildConfiguration;
			buildSettings = {
				ASSETCATALOG_COMPILER_APPICON_NAME = AppIcon;
				CODE_SIGN_STYLE = Automatic;
				DEVELOPMENT_TEAM = Y3N7GU5TKY;
				INFOPLIST_FILE = WillyWeatherProject/Bundle/Info.plist;
				LD_RUNPATH_SEARCH_PATHS = (
					"$(inherited)",
					"@executable_path/Frameworks",
				);
				PRODUCT_BUNDLE_IDENTIFIER = com.md.WillyWeatherProject;
				PRODUCT_NAME = "$(TARGET_NAME)";
				SWIFT_VERSION = 5.0;
				TARGETED_DEVICE_FAMILY = "1,2";
			};
			name = Debug;
		};
		7845174925952D0C00C6E1F2 /* Release */ = {
			isa = XCBuildConfiguration;
			buildSettings = {
				ASSETCATALOG_COMPILER_APPICON_NAME = AppIcon;
				CODE_SIGN_STYLE = Automatic;
				DEVELOPMENT_TEAM = Y3N7GU5TKY;
				INFOPLIST_FILE = WillyWeatherProject/Bundle/Info.plist;
				LD_RUNPATH_SEARCH_PATHS = (
					"$(inherited)",
					"@executable_path/Frameworks",
				);
				PRODUCT_BUNDLE_IDENTIFIER = com.md.WillyWeatherProject;
				PRODUCT_NAME = "$(TARGET_NAME)";
				SWIFT_VERSION = 5.0;
				TARGETED_DEVICE_FAMILY = "1,2";
			};
			name = Release;
		};
		7845178E2596986600C6E1F2 /* Debug */ = {
			isa = XCBuildConfiguration;
			buildSettings = {
				BUNDLE_LOADER = "$(TEST_HOST)";
				CODE_SIGN_STYLE = Automatic;
				DEVELOPMENT_TEAM = Y3N7GU5TKY;
				INFOPLIST_FILE = WillyWeatherProjectTests/Info.plist;
				LD_RUNPATH_SEARCH_PATHS = (
					"$(inherited)",
					"@executable_path/Frameworks",
					"@loader_path/Frameworks",
				);
				PRODUCT_BUNDLE_IDENTIFIER = com.md.WillyWeatherProjectTests;
				PRODUCT_NAME = "$(TARGET_NAME)";
				SWIFT_VERSION = 5.0;
				TARGETED_DEVICE_FAMILY = "1,2";
				TEST_HOST = "$(BUILT_PRODUCTS_DIR)/WillyWeatherProject.app/WillyWeatherProject";
			};
			name = Debug;
		};
		7845178F2596986600C6E1F2 /* Release */ = {
			isa = XCBuildConfiguration;
			buildSettings = {
				BUNDLE_LOADER = "$(TEST_HOST)";
				CODE_SIGN_STYLE = Automatic;
				DEVELOPMENT_TEAM = Y3N7GU5TKY;
				INFOPLIST_FILE = WillyWeatherProjectTests/Info.plist;
				LD_RUNPATH_SEARCH_PATHS = (
					"$(inherited)",
					"@executable_path/Frameworks",
					"@loader_path/Frameworks",
				);
				PRODUCT_BUNDLE_IDENTIFIER = com.md.WillyWeatherProjectTests;
				PRODUCT_NAME = "$(TARGET_NAME)";
				SWIFT_VERSION = 5.0;
				TARGETED_DEVICE_FAMILY = "1,2";
				TEST_HOST = "$(BUILT_PRODUCTS_DIR)/WillyWeatherProject.app/WillyWeatherProject";
			};
			name = Release;
		};
/* End XCBuildConfiguration section */

/* Begin XCConfigurationList section */
		7845172E25952D0700C6E1F2 /* Build configuration list for PBXProject "WillyWeatherProject" */ = {
			isa = XCConfigurationList;
			buildConfigurations = (
				7845174525952D0C00C6E1F2 /* Debug */,
				7845174625952D0C00C6E1F2 /* Release */,
			);
			defaultConfigurationIsVisible = 0;
			defaultConfigurationName = Release;
		};
		7845174725952D0C00C6E1F2 /* Build configuration list for PBXNativeTarget "WillyWeatherProject" */ = {
			isa = XCConfigurationList;
			buildConfigurations = (
				7845174825952D0C00C6E1F2 /* Debug */,
				7845174925952D0C00C6E1F2 /* Release */,
			);
			defaultConfigurationIsVisible = 0;
			defaultConfigurationName = Release;
		};
		7845178D2596986600C6E1F2 /* Build configuration list for PBXNativeTarget "WillyWeatherProjectTests" */ = {
			isa = XCConfigurationList;
			buildConfigurations = (
				7845178E2596986600C6E1F2 /* Debug */,
				7845178F2596986600C6E1F2 /* Release */,
			);
			defaultConfigurationIsVisible = 0;
			defaultConfigurationName = Release;
		};
/* End XCConfigurationList section */
	};
	rootObject = 7845172B25952D0700C6E1F2 /* Project object */;
}
